<?xml version="1.0" encoding="UTF-8" standalone="yes" ?>
<CodeBlocks_project_file>
	<FileVersion major="1" minor="6" />
	<Project>
		<Option title="shootGame" />
		<Option pch_mode="2" />
		<Option compiler="gcc" />
		<Build>
			<Target title="Debug">
				<Option output="bin/Debug/shootGame" prefix_auto="1" extension_auto="1" />
				<Option object_output="obj/Debug/" />
				<Option type="1" />
				<Option compiler="gcc" />
				<Compiler>
					<Add option="-g" />
					<Add directory="include" />
				</Compiler>
				<Linker>
					<Add library="sfml-graphics" />
					<Add library="sfml-window" />
					<Add library="sfml-system" />
				</Linker>
			</Target>
			<Target title="Release">
				<Option output="bin/Release/shootGame" prefix_auto="1" extension_auto="1" />
				<Option object_output="obj/Release/" />
				<Option type="1" />
				<Option compiler="gcc" />
				<Compiler>
					<Add option="-O2" />
					<Add directory="include" />
				</Compiler>
				<Linker>
					<Add option="-s" />
					<Add library="sfml-graphics" />
					<Add library="sfml-window" />
					<Add library="sfml-system" />
				</Linker>
			</Target>
		</Build>
		<Compiler>
			<Add option="-Wall" />
			<Add directory="/home/sh44fi/Downloads/SFML-2.5.1-linux-gcc-64-bit/SFML-2.5.1/include" />
		</Compiler>
		<Linker>
			<Add directory="/home/sh44fi/Downloads/SFML-2.5.1-linux-gcc-64-bit/SFML-2.5.1/lib" />
		</Linker>
		<Unit filename="include/Game.h" />
		<Unit filename="include/ResourceHolder.h" />
		<Unit filename="include/TextureHolder.h" />
		<Unit filename="main.cpp" />
		<Unit filename="src/Game.cpp" />
		<Unit filename="src/ResourceHolder.cpp" />
		<Unit filename="src/TextureHolder.cpp" />
		<Extensions />
	</Project>
</CodeBlocks_project_file>
